<?xml version="1.0" encoding="utf-8"?>
<Project ToolsVersion="4.0" xmlns="http://schemas.microsoft.com/developer/msbuild/2003">
  <ItemGroup>
    <Filter Include="Source Files">
      <UniqueIdentifier>{4FC737F1-C7A5-4376-A066-2A32D752A2FF}</UniqueIdentifier>
      <Extensions>cpp;c;cc;cxx;def;odl;idl;hpj;bat;asm;asmx</Extensions>
    </Filter>
    <Filter Include="Header Files">
      <UniqueIdentifier>{93995380-89BD-4b04-88EB-625FBE52EBFB}</UniqueIdentifier>
      <Extensions>h;hh;hpp;hxx;hm;inl;inc;xsd</Extensions>
    </Filter>
    <Filter Include="Resource Files">
      <UniqueIdentifier>{67DA6AB6-F800-4c08-8B7A-83BB121AAD01}</UniqueIdentifier>
      <Extensions>rc;ico;cur;bmp;dlg;rc2;rct;bin;rgs;gif;jpg;jpeg;jpe;resx;tiff;tif;png;wav;mfcribbon-ms</Extensions>
    </Filter>
    <Filter Include="Enemies">
      <UniqueIdentifier>{7c28cc78-467b-45b4-a8b0-bbbe8f6614b5}</UniqueIdentifier>
    </Filter>
    <Filter Include="Items">
      <UniqueIdentifier>{ce6398f2-6ba2-4080-80bd-d30e4831f166}</UniqueIdentifier>
    </Filter>
    <Filter Include="Magic">
      <UniqueIdentifier>{4ded5d3b-57b4-4139-9c68-9091240235d5}</UniqueIdentifier>
    </Filter>
    <Filter Include="Display">
      <UniqueIdentifier>{b82eca0b-dfc2-41d3-ba2c-47c1fa1313dc}</UniqueIdentifier>
    </Filter>
    <Filter Include="GameEngine">
      <UniqueIdentifier>{e9b5e896-7db9-4209-93a4-fae1e2e7d7b8}</UniqueIdentifier>
    </Filter>
    <Filter Include="GameEngine\Shops">
      <UniqueIdentifier>{e3d2ab32-dcd0-4071-95a7-92fab667f0be}</UniqueIdentifier>
    </Filter>
    <Filter Include="Display\Menu">
      <UniqueIdentifier>{40225dea-e177-4306-a5c9-20615af82352}</UniqueIdentifier>
    </Filter>
    <Filter Include="GameEngine\Maps">
      <UniqueIdentifier>{fac22389-a993-4362-ad30-3b9665333636}</UniqueIdentifier>
    </Filter>
    <Filter Include="GameEngine\Music">
      <UniqueIdentifier>{dfe748a1-09da-4525-962e-3a5ed779fdf6}</UniqueIdentifier>
    </Filter>
  </ItemGroup>
  <ItemGroup>
    <Text Include="ReadMe.txt" />
  </ItemGroup>
  <ItemGroup>
    <ClInclude Include="source/stdafx.h">
      <Filter>Header Files</Filter>
    </ClInclude>
    <ClInclude Include="source/targetver.h">
      <Filter>Header Files</Filter>
    </ClInclude>
    <ClInclude Include="source/Enemies.h">
      <Filter>Enemies</Filter>
    </ClInclude>
    <ClInclude Include="source/Creature.h">
      <Filter>Enemies</Filter>
    </ClInclude>
    <ClInclude Include="source/Orc.h">
      <Filter>Enemies</Filter>
    </ClInclude>
    <ClInclude Include="source/Armor.h">
      <Filter>Items</Filter>
    </ClInclude>
    <ClInclude Include="source/Item.h">
      <Filter>Items</Filter>
    </ClInclude>
    <ClInclude Include="source/Weapon.h">
      <Filter>Items</Filter>
    </ClInclude>
    <ClInclude Include="source/Magic.h">
      <Filter>Magic</Filter>
    </ClInclude>
    <ClInclude Include="source/GameDisplay.h">
      <Filter>Display</Filter>
    </ClInclude>
    <ClInclude Include="source/FightDisplay.h">
      <Filter>Display</Filter>
    </ClInclude>
    <ClInclude Include="source/ItemRepository.h">
      <Filter>Items</Filter>
    </ClInclude>
    <ClInclude Include="source/TextDisplay.h">
      <Filter>Display</Filter>
    </ClInclude>
    <ClInclude Include="source/Greeting.h">
      <Filter>Enemies</Filter>
    </ClInclude>
    <ClInclude Include="source/ISaveLoadGame.h">
      <Filter>GameEngine</Filter>
    </ClInclude>
    <ClInclude Include="source/SaveLoadGame.h">
      <Filter>GameEngine</Filter>
    </ClInclude>
    <ClInclude Include="source/World.h">
      <Filter>GameEngine</Filter>
    </ClInclude>
    <ClInclude Include="source/ArmoryShop.h">
      <Filter>GameEngine\Shops</Filter>
    </ClInclude>
    <ClInclude Include="source/Shop.h">
      <Filter>GameEngine\Shops</Filter>
    </ClInclude>
    <ClInclude Include="source/MagicShop.h">
      <Filter>GameEngine\Shops</Filter>
    </ClInclude>
    <ClInclude Include="source/PawnShop.h">
      <Filter>GameEngine\Shops</Filter>
    </ClInclude>
    <ClInclude Include="source/Battle.h">
      <Filter>GameEngine</Filter>
    </ClInclude>
    <ClInclude Include="source/Player.h">
      <Filter>GameEngine</Filter>
    </ClInclude>
    <ClInclude Include="source/PlayerMagicProvider.h">
      <Filter>Magic</Filter>
    </ClInclude>
    <ClInclude Include="source/Plots.h">
      <Filter>Display</Filter>
    </ClInclude>
    <ClInclude Include="source/NpcCreator.h">
      <Filter>GameEngine</Filter>
    </ClInclude>
    <ClInclude Include="source/GameSettings.h">
      <Filter>GameEngine</Filter>
    </ClInclude>
    <ClInclude Include="source/GameState.h">
      <Filter>GameEngine</Filter>
    </ClInclude>
    <ClInclude Include="source/OptionsMenuHandler.h">
      <Filter>Display</Filter>
    </ClInclude>
    <ClInclude Include="source/BaseMenuInputHandler.h">
      <Filter>Display\Menu</Filter>
    </ClInclude>
    <ClInclude Include="source/MainMenuSystem.h">
      <Filter>Display\Menu</Filter>
    </ClInclude>
    <ClInclude Include="source/Menu.h">
      <Filter>Display\Menu</Filter>
    </ClInclude>
    <ClInclude Include="source/Local.h">
      <Filter>GameEngine\Maps</Filter>
    </ClInclude>
    <ClInclude Include="source/Location.h">
      <Filter>GameEngine\Maps</Filter>
    </ClInclude>
    <ClInclude Include="source/Lodging.h">
      <Filter>GameEngine\Shops</Filter>
    </ClInclude>
    <ClInclude Include="source/CFmod.h">
      <Filter>GameEngine\Music</Filter>
    </ClInclude>
    <ClInclude Include="source/MusicPlayer.h">
      <Filter>GameEngine\Music</Filter>
    </ClInclude>
    <ClInclude Include="source/PlayerEnvironment.h">
      <Filter>GameEngine\Maps</Filter>
    </ClInclude>
    <ClInclude Include="source/VirtualMap.h">
      <Filter>GameEngine\Maps</Filter>
    </ClInclude>
    <ClInclude Include="source\DeitySelectionHandler.h">
      <Filter>Display\Menu</Filter>
    </ClInclude>
    <ClInclude Include="source\ITextDisplay.h">
      <Filter>Display</Filter>
    </ClInclude>
  </ItemGroup>
  <ItemGroup>
    <ClCompile Include="source/stdafx.cpp">
      <Filter>Source Files</Filter>
    </ClCompile>
    <ClCompile Include="source/Main.cpp">
      <Filter>Source Files</Filter>
    </ClCompile>
    <ClCompile Include="source/Creature.cpp">
      <Filter>Enemies</Filter>
    </ClCompile>
    <ClCompile Include="source/Eattack.cpp">
      <Filter>Enemies</Filter>
    </ClCompile>
    <ClCompile Include="source/Econstruct.cpp">
      <Filter>Enemies</Filter>
    </ClCompile>
    <ClCompile Include="source/Eother.cpp">
      <Filter>Enemies</Filter>
    </ClCompile>
    <ClCompile Include="source/Armor.cpp">
      <Filter>Items</Filter>
    </ClCompile>
    <ClCompile Include="source/Item.cpp">
      <Filter>Items</Filter>
    </ClCompile>
    <ClCompile Include="source/Weapon.cpp">
      <Filter>Items</Filter>
    </ClCompile>
    <ClCompile Include="source/Magic.cpp">
      <Filter>Magic</Filter>
    </ClCompile>
    <ClCompile Include="source/Talkto.cpp">
      <Filter>Enemies</Filter>
    </ClCompile>
    <ClCompile Include="source/GameDisplay.cpp">
      <Filter>Display</Filter>
    </ClCompile>
    <ClCompile Include="source/FightDisplay.cpp">
      <Filter>Display</Filter>
    </ClCompile>
    <ClCompile Include="source/ItemRepository.cpp">
      <Filter>Items</Filter>
    </ClCompile>
    <ClCompile Include="source/TextDisplay.cpp">
      <Filter>Display</Filter>
    </ClCompile>
    <ClCompile Include="source/Greeting.cpp">
      <Filter>Enemies</Filter>
    </ClCompile>
    <ClCompile Include="source/ISaveLoadGame.cpp">
      <Filter>GameEngine</Filter>
    </ClCompile>
    <ClCompile Include="source/SaveLoadGame.cpp">
      <Filter>GameEngine</Filter>
    </ClCompile>
    <ClCompile Include="source/World.cpp">
      <Filter>GameEngine</Filter>
    </ClCompile>
    <ClCompile Include="source/ArmoryShop.cpp">
      <Filter>GameEngine\Shops</Filter>
    </ClCompile>
    <ClCompile Include="source/Shop.cpp">
      <Filter>GameEngine\Shops</Filter>
    </ClCompile>
    <ClCompile Include="source/MagicShop.cpp">
      <Filter>GameEngine\Shops</Filter>
    </ClCompile>
    <ClCompile Include="source/PawnShop.cpp">
      <Filter>GameEngine\Shops</Filter>
    </ClCompile>
    <ClCompile Include="source/Battle.cpp">
      <Filter>GameEngine</Filter>
    </ClCompile>
    <ClCompile Include="source/Player.cpp">
      <Filter>GameEngine</Filter>
    </ClCompile>
    <ClCompile Include="source/PlayerMagicProvider.cpp">
      <Filter>Magic</Filter>
    </ClCompile>
    <ClCompile Include="source/Plots.cpp">
      <Filter>Display</Filter>
    </ClCompile>
    <ClCompile Include="source/NpcCreator.cpp">
      <Filter>GameEngine</Filter>
    </ClCompile>
    <ClCompile Include="source/GameSettings.cpp">
      <Filter>GameEngine</Filter>
    </ClCompile>
    <ClCompile Include="source/GameState.cpp">
      <Filter>GameEngine</Filter>
    </ClCompile>
    <ClCompile Include="source/OptionsMenuHandler.cpp">
      <Filter>Display</Filter>
    </ClCompile>
    <ClCompile Include="source/BaseMenuInputHandler.cpp">
      <Filter>Display\Menu</Filter>
    </ClCompile>
    <ClCompile Include="source/MainMenuSystem.cpp">
      <Filter>Display\Menu</Filter>
    </ClCompile>
    <ClCompile Include="source/Menu.cpp">
      <Filter>Display\Menu</Filter>
    </ClCompile>
    <ClCompile Include="source/Local.cpp">
      <Filter>GameEngine\Maps</Filter>
    </ClCompile>
    <ClCompile Include="source/Location.cpp">
      <Filter>GameEngine\Maps</Filter>
    </ClCompile>
    <ClCompile Include="source/Lodging.cpp">
      <Filter>GameEngine\Shops</Filter>
    </ClCompile>
    <ClCompile Include="source/CFmod.cpp">
      <Filter>GameEngine\Music</Filter>
    </ClCompile>
    <ClCompile Include="source/MusicPlayer.cpp">
      <Filter>GameEngine\Music</Filter>
    </ClCompile>
    <ClCompile Include="source/PlayerEnvironment.cpp">
      <Filter>GameEngine\Maps</Filter>
    </ClCompile>
    <ClCompile Include="source/VirtualMap.cpp">
      <Filter>GameEngine\Maps</Filter>
    </ClCompile>
    <ClCompile Include="source\DeitySelectionHandler.cpp">
      <Filter>Display\Menu</Filter>
    </ClCompile>
  </ItemGroup>
</Project>