<?xml version="1.0" encoding="utf-8"?>
<Project ToolsVersion="4.0" xmlns="http://schemas.microsoft.com/developer/msbuild/2003">
  <ItemGroup>
    <Filter Include="Source Files">
      <UniqueIdentifier>{4FC737F1-C7A5-4376-A066-2A32D752A2FF}</UniqueIdentifier>
      <Extensions>cpp;c;cc;cxx;def;odl;idl;hpj;bat;asm;asmx</Extensions>
    </Filter>
    <Filter Include="Header Files">
      <UniqueIdentifier>{93995380-89BD-4b04-88EB-625FBE52EBFB}</UniqueIdentifier>
      <Extensions>h;hh;hpp;hxx;hm;inl;inc;xsd</Extensions>
    </Filter>
    <Filter Include="Resource Files">
      <UniqueIdentifier>{67DA6AB6-F800-4c08-8B7A-83BB121AAD01}</UniqueIdentifier>
      <Extensions>rc;ico;cur;bmp;dlg;rc2;rct;bin;rgs;gif;jpg;jpeg;jpe;resx;tiff;tif;png;wav;mfcribbon-ms</Extensions>
    </Filter>
    <Filter Include="Enemies">
      <UniqueIdentifier>{7c28cc78-467b-45b4-a8b0-bbbe8f6614b5}</UniqueIdentifier>
    </Filter>
    <Filter Include="Items">
      <UniqueIdentifier>{ce6398f2-6ba2-4080-80bd-d30e4831f166}</UniqueIdentifier>
    </Filter>
    <Filter Include="Magic">
      <UniqueIdentifier>{4ded5d3b-57b4-4139-9c68-9091240235d5}</UniqueIdentifier>
    </Filter>
    <Filter Include="Display">
      <UniqueIdentifier>{b82eca0b-dfc2-41d3-ba2c-47c1fa1313dc}</UniqueIdentifier>
    </Filter>
    <Filter Include="GameEngine">
      <UniqueIdentifier>{e9b5e896-7db9-4209-93a4-fae1e2e7d7b8}</UniqueIdentifier>
    </Filter>
  </ItemGroup>
  <ItemGroup>
    <Text Include="ReadMe.txt" />
  </ItemGroup>
  <ItemGroup>
    <ClInclude Include="stdafx.h">
      <Filter>Header Files</Filter>
    </ClInclude>
    <ClInclude Include="targetver.h">
      <Filter>Header Files</Filter>
    </ClInclude>
    <ClInclude Include="Local.h">
      <Filter>Header Files</Filter>
    </ClInclude>
    <ClInclude Include="Location.h">
      <Filter>Header Files</Filter>
    </ClInclude>
    <ClInclude Include="Player.h">
      <Filter>Header Files</Filter>
    </ClInclude>
    <ClInclude Include="Enemies.h">
      <Filter>Enemies</Filter>
    </ClInclude>
    <ClInclude Include="Creature.h">
      <Filter>Enemies</Filter>
    </ClInclude>
    <ClInclude Include="Orc.h">
      <Filter>Enemies</Filter>
    </ClInclude>
    <ClInclude Include="Armor.h">
      <Filter>Items</Filter>
    </ClInclude>
    <ClInclude Include="Item.h">
      <Filter>Items</Filter>
    </ClInclude>
    <ClInclude Include="Weapon.h">
      <Filter>Items</Filter>
    </ClInclude>
    <ClInclude Include="Magic.h">
      <Filter>Magic</Filter>
    </ClInclude>
    <ClInclude Include="MainMenuSystem.h">
      <Filter>Display</Filter>
    </ClInclude>
    <ClInclude Include="GameDisplay.h">
      <Filter>Display</Filter>
    </ClInclude>
    <ClInclude Include="FightDisplay.h">
      <Filter>Display</Filter>
    </ClInclude>
    <ClInclude Include="ItemRepository.h">
      <Filter>Items</Filter>
    </ClInclude>
    <ClInclude Include="TextDisplay.h">
      <Filter>Display</Filter>
    </ClInclude>
    <ClInclude Include="CFmod.h">
      <Filter>GameEngine</Filter>
    </ClInclude>
    <ClInclude Include="Greeting.h">
      <Filter>Enemies</Filter>
    </ClInclude>
    <ClInclude Include="ISaveLoadGame.h">
      <Filter>GameEngine</Filter>
    </ClInclude>
    <ClInclude Include="SaveLoadGame.h">
      <Filter>GameEngine</Filter>
    </ClInclude>
    <ClInclude Include="World.h">
      <Filter>GameEngine</Filter>
    </ClInclude>
    <ClInclude Include="Plots.h">
      <Filter>GameEngine</Filter>
    </ClInclude>
  </ItemGroup>
  <ItemGroup>
    <ClCompile Include="stdafx.cpp">
      <Filter>Source Files</Filter>
    </ClCompile>
    <ClCompile Include="Local.cpp">
      <Filter>Source Files</Filter>
    </ClCompile>
    <ClCompile Include="Location.cpp">
      <Filter>Source Files</Filter>
    </ClCompile>
    <ClCompile Include="Main.cpp">
      <Filter>Source Files</Filter>
    </ClCompile>
    <ClCompile Include="Player.cpp">
      <Filter>Source Files</Filter>
    </ClCompile>
    <ClCompile Include="Creature.cpp">
      <Filter>Enemies</Filter>
    </ClCompile>
    <ClCompile Include="Eattack.cpp">
      <Filter>Enemies</Filter>
    </ClCompile>
    <ClCompile Include="Econstruct.cpp">
      <Filter>Enemies</Filter>
    </ClCompile>
    <ClCompile Include="Eother.cpp">
      <Filter>Enemies</Filter>
    </ClCompile>
    <ClCompile Include="Armor.cpp">
      <Filter>Items</Filter>
    </ClCompile>
    <ClCompile Include="Item.cpp">
      <Filter>Items</Filter>
    </ClCompile>
    <ClCompile Include="Weapon.cpp">
      <Filter>Items</Filter>
    </ClCompile>
    <ClCompile Include="NPC Setup.cpp">
      <Filter>Enemies</Filter>
    </ClCompile>
    <ClCompile Include="Magic.cpp">
      <Filter>Magic</Filter>
    </ClCompile>
    <ClCompile Include="Talkto.cpp">
      <Filter>Enemies</Filter>
    </ClCompile>
    <ClCompile Include="GameDisplay.cpp">
      <Filter>Display</Filter>
    </ClCompile>
    <ClCompile Include="MainMenuSystem.cpp">
      <Filter>Display</Filter>
    </ClCompile>
    <ClCompile Include="FightDisplay.cpp">
      <Filter>Display</Filter>
    </ClCompile>
    <ClCompile Include="ItemRepository.cpp">
      <Filter>Items</Filter>
    </ClCompile>
    <ClCompile Include="TextDisplay.cpp">
      <Filter>Display</Filter>
    </ClCompile>
    <ClCompile Include="CFmod.cpp">
      <Filter>GameEngine</Filter>
    </ClCompile>
    <ClCompile Include="Greeting.cpp">
      <Filter>Enemies</Filter>
    </ClCompile>
    <ClCompile Include="Fight.cpp">
      <Filter>GameEngine</Filter>
    </ClCompile>
    <ClCompile Include="ISaveLoadGame.cpp">
      <Filter>GameEngine</Filter>
    </ClCompile>
    <ClCompile Include="Plots.cpp">
      <Filter>GameEngine</Filter>
    </ClCompile>
    <ClCompile Include="SaveLoadGame.cpp">
      <Filter>GameEngine</Filter>
    </ClCompile>
    <ClCompile Include="World.cpp">
      <Filter>GameEngine</Filter>
    </ClCompile>
  </ItemGroup>
</Project>